Microsoft Visual Studio Solution File, Format Version 12.00
# Visual Studio 15
VisualStudioVersion = 15.0.27004.2005
MinimumVisualStudioVersion = 10.0.40219.1
Project("{D954291E-2A0B-460D-934E-DC6B0785DB48}") = "soletechs", "soletechs\soletechs.shproj", "{92BB6223-B508-4F9A-AB03-9C7EAE470216}"
EndProject
Project("{FAE04EC0-301F-11D3-BF4B-00C04F79EFBC}") = "soletechs.iOS", "iOS\soletechs.iOS.csproj", "{C1572DC3-8849-461D-A70D-6B43B329ACA0}"
EndProject
Project("{FAE04EC0-301F-11D3-BF4B-00C04F79EFBC}") = "soletechs.Droid", "Droid\soletechs.Droid.csproj", "{80D02D50-FD4D-47C8-B2D2-3943271A8F9E}"
EndProject
Global
	GlobalSection(SharedMSBuildProjectFiles) = preSolution
		soletechs\soletechs.projitems*{80d02d50-fd4d-47c8-b2d2-3943271a8f9e}*SharedItemsImports = 4
		soletechs\soletechs.projitems*{92bb6223-b508-4f9a-ab03-9c7eae470216}*SharedItemsImports = 13
		soletechs\soletechs.projitems*{c1572dc3-8849-461d-a70d-6b43b329aca0}*SharedItemsImports = 4
	EndGlobalSection
	GlobalSection(SolutionConfigurationPlatforms) = preSolution
		Debug|Any CPU = Debug|Any CPU
		Debug|iPhone = Debug|iPhone
		Debug|iPhoneSimulator = Debug|iPhoneSimulator
		Release|Any CPU = Release|Any CPU
		Release|iPhone = Release|iPhone
		Release|iPhoneSimulator = Release|iPhoneSimulator
	EndGlobalSection
	GlobalSection(ProjectConfigurationPlatforms) = postSolution
		{C1572DC3-8849-461D-A70D-6B43B329ACA0}.Debug|Any CPU.ActiveCfg = Debug|iPhoneSimulator
		{C1572DC3-8849-461D-A70D-6B43B329ACA0}.Debug|Any CPU.Build.0 = Debug|iPhoneSimulator
		{C1572DC3-8849-461D-A70D-6B43B329ACA0}.Debug|iPhone.ActiveCfg = Debug|iPhone
		{C1572DC3-8849-461D-A70D-6B43B329ACA0}.Debug|iPhone.Build.0 = Debug|iPhone
		{C1572DC3-8849-461D-A70D-6B43B329ACA0}.Debug|iPhoneSimulator.ActiveCfg = Debug|iPhoneSimulator
		{C1572DC3-8849-461D-A70D-6B43B329ACA0}.Debug|iPhoneSimulator.Build.0 = Debug|iPhoneSimulator
		{C1572DC3-8849-461D-A70D-6B43B329ACA0}.Release|Any CPU.ActiveCfg = Release|iPhone
		{C1572DC3-8849-461D-A70D-6B43B329ACA0}.Release|Any CPU.Build.0 = Release|iPhone
		{C1572DC3-8849-461D-A70D-6B43B329ACA0}.Release|iPhone.ActiveCfg = Release|iPhone
		{C1572DC3-8849-461D-A70D-6B43B329ACA0}.Release|iPhone.Build.0 = Release|iPhone
		{C1572DC3-8849-461D-A70D-6B43B329ACA0}.Release|iPhoneSimulator.ActiveCfg = Release|iPhoneSimulator
		{C1572DC3-8849-461D-A70D-6B43B329ACA0}.Release|iPhoneSimulator.Build.0 = Release|iPhoneSimulator
		{80D02D50-FD4D-47C8-B2D2-3943271A8F9E}.Debug|Any CPU.ActiveCfg = Debug|Any CPU
		{80D02D50-FD4D-47C8-B2D2-3943271A8F9E}.Debug|Any CPU.Build.0 = Debug|Any CPU
		{80D02D50-FD4D-47C8-B2D2-3943271A8F9E}.Debug|iPhone.ActiveCfg = Debug|Any CPU
		{80D02D50-FD4D-47C8-B2D2-3943271A8F9E}.Debug|iPhone.Build.0 = Debug|Any CPU
		{80D02D50-FD4D-47C8-B2D2-3943271A8F9E}.Debug|iPhoneSimulator.ActiveCfg = Debug|Any CPU
		{80D02D50-FD4D-47C8-B2D2-3943271A8F9E}.Debug|iPhoneSimulator.Build.0 = Debug|Any CPU
		{80D02D50-FD4D-47C8-B2D2-3943271A8F9E}.Release|Any CPU.ActiveCfg = Release|Any CPU
		{80D02D50-FD4D-47C8-B2D2-3943271A8F9E}.Release|Any CPU.Build.0 = Release|Any CPU
		{80D02D50-FD4D-47C8-B2D2-3943271A8F9E}.Release|iPhone.ActiveCfg = Release|Any CPU
		{80D02D50-FD4D-47C8-B2D2-3943271A8F9E}.Release|iPhone.Build.0 = Release|Any CPU
		{80D02D50-FD4D-47C8-B2D2-3943271A8F9E}.Release|iPhoneSimulator.ActiveCfg = Release|Any CPU
		{80D02D50-FD4D-47C8-B2D2-3943271A8F9E}.Release|iPhoneSimulator.Build.0 = Release|Any CPU
	EndGlobalSection
	GlobalSection(SolutionProperties) = preSolution
		HideSolutionNode = FALSE
	EndGlobalSection
	GlobalSection(ExtensibilityGlobals) = postSolution
		SolutionGuid = {E5B9C1E8-F927-4470-AC85-AF16EDBA3783}
	EndGlobalSection
EndGlobal
